<Solution>
  <Folder Name="/src/">
    <Project Path="src/MedicalVault.Api/MedicalVault.Api.csproj" />
    <Project Path="src/MedicalVault.Application/MedicalVault.Application.csproj" />
    <Project Path="src/MedicalVault.Domain/MedicalVault.Domain.csproj" />
    <Project Path="src/MedicalVault.Infrastructure/MedicalVault.Infrastructure.csproj" />
  </Folder>
  <Folder Name="/tests/">
    <Project Path="tests/MedicalVault.IntegrationTests/MedicalVault.IntegrationTests.csproj" />
    <Project Path="tests/MedicalVault.UnitTests/MedicalVault.UnitTests.csproj" />
  </Folder>
</Solution>
