<Solution>
  <Project Path="src/Spitio.Api/Spitio.Api.csproj" />
  <Project Path="src/Spitio.Application/Spitio.Application.csproj" />
  <Project Path="src/Spitio.Domain/Spitio.Domain.csproj" />
  <Project Path="src/Spitio.Infrastructure/Spitio.Infrastructure.csproj" />
  <Project Path="tests/Spitio.IntegrationTests/Spitio.IntegrationTests.csproj" />
  <Project Path="tests/Spitio.UnitTests/Spitio.UnitTests.csproj" />
</Solution>